
Microsoft Visual Studio Solution File, Format Version 12.00
# Visual Studio Version 17
VisualStudioVersion = 17.4.33213.308
MinimumVisualStudioVersion = 10.0.40219.1
Project("{FAE04EC0-301F-11D3-BF4B-00C04F79EFBC}") = "eUseControl.Web", "eUseControl\eUseControl.Web.csproj", "{189798DE-72F7-4C22-8C56-3B26CA990E79}"
EndProject
Project("{9A19103F-16F7-4668-BE54-9A1E7A4F7556}") = "eUseControl.BusinessLogic", "eUseControl.BusinessLogic\eUseControl.BusinessLogic.csproj", "{328E5DB2-AFD8-4A41-83A5-FF5A1C5CB166}"
EndProject
Project("{9A19103F-16F7-4668-BE54-9A1E7A4F7556}") = "eUseControl.Domain", "eUseControl.Domain\eUseControl.Domain.csproj", "{FE658E91-2644-4BB8-BF19-69140A92F39B}"
EndProject
Project("{9A19103F-16F7-4668-BE54-9A1E7A4F7556}") = "eUseControl.Helpers", "eUseControl.Helpers\eUseControl.Helpers.csproj", "{D9B32F29-1454-43CE-BE11-9833F44091DE}"
EndProject
Project("{FAE04EC0-301F-11D3-BF4B-00C04F79EFBC}") = "Test", "Test\Test.csproj", "{7B13F267-A814-4A91-8DE5-B0284CB173B8}"
EndProject
Global
	GlobalSection(SolutionConfigurationPlatforms) = preSolution
		Debug|Any CPU = Debug|Any CPU
		Release|Any CPU = Release|Any CPU
	EndGlobalSection
	GlobalSection(ProjectConfigurationPlatforms) = postSolution
		{189798DE-72F7-4C22-8C56-3B26CA990E79}.Debug|Any CPU.ActiveCfg = Debug|Any CPU
		{189798DE-72F7-4C22-8C56-3B26CA990E79}.Debug|Any CPU.Build.0 = Debug|Any CPU
		{189798DE-72F7-4C22-8C56-3B26CA990E79}.Release|Any CPU.ActiveCfg = Release|Any CPU
		{189798DE-72F7-4C22-8C56-3B26CA990E79}.Release|Any CPU.Build.0 = Release|Any CPU
		{328E5DB2-AFD8-4A41-83A5-FF5A1C5CB166}.Debug|Any CPU.ActiveCfg = Debug|Any CPU
		{328E5DB2-AFD8-4A41-83A5-FF5A1C5CB166}.Debug|Any CPU.Build.0 = Debug|Any CPU
		{328E5DB2-AFD8-4A41-83A5-FF5A1C5CB166}.Release|Any CPU.ActiveCfg = Release|Any CPU
		{328E5DB2-AFD8-4A41-83A5-FF5A1C5CB166}.Release|Any CPU.Build.0 = Release|Any CPU
		{FE658E91-2644-4BB8-BF19-69140A92F39B}.Debug|Any CPU.ActiveCfg = Debug|Any CPU
		{FE658E91-2644-4BB8-BF19-69140A92F39B}.Debug|Any CPU.Build.0 = Debug|Any CPU
		{FE658E91-2644-4BB8-BF19-69140A92F39B}.Release|Any CPU.ActiveCfg = Release|Any CPU
		{FE658E91-2644-4BB8-BF19-69140A92F39B}.Release|Any CPU.Build.0 = Release|Any CPU
		{D9B32F29-1454-43CE-BE11-9833F44091DE}.Debug|Any CPU.ActiveCfg = Debug|Any CPU
		{D9B32F29-1454-43CE-BE11-9833F44091DE}.Debug|Any CPU.Build.0 = Debug|Any CPU
		{D9B32F29-1454-43CE-BE11-9833F44091DE}.Release|Any CPU.ActiveCfg = Release|Any CPU
		{D9B32F29-1454-43CE-BE11-9833F44091DE}.Release|Any CPU.Build.0 = Release|Any CPU
		{7B13F267-A814-4A91-8DE5-B0284CB173B8}.Debug|Any CPU.ActiveCfg = Debug|Any CPU
		{7B13F267-A814-4A91-8DE5-B0284CB173B8}.Debug|Any CPU.Build.0 = Debug|Any CPU
		{7B13F267-A814-4A91-8DE5-B0284CB173B8}.Release|Any CPU.ActiveCfg = Release|Any CPU
		{7B13F267-A814-4A91-8DE5-B0284CB173B8}.Release|Any CPU.Build.0 = Release|Any CPU
	EndGlobalSection
	GlobalSection(SolutionProperties) = preSolution
		HideSolutionNode = FALSE
	EndGlobalSection
	GlobalSection(ExtensibilityGlobals) = postSolution
		SolutionGuid = {8C233412-18FC-4C81-B0C3-438EF5CCFF97}
	EndGlobalSection
EndGlobal
